
Microsoft Visual Studio Solution File, Format Version 12.00
# Visual Studio 15
VisualStudioVersion = 15.0.28307.329
MinimumVisualStudioVersion = 10.0.40219.1
Project("{FAE04EC0-301F-11D3-BF4B-00C04F79EFBC}") = "Graph-Test", "Graph-Test\Graph-Test.csproj", "{C65A0A2F-8FE5-4A6F-B6F3-DD44ED8F434E}"
EndProject
Global
	GlobalSection(SolutionConfigurationPlatforms) = preSolution
		Debug|Any CPU = Debug|Any CPU
		Release|Any CPU = Release|Any CPU
	EndGlobalSection
	GlobalSection(ProjectConfigurationPlatforms) = postSolution
		{C65A0A2F-8FE5-4A6F-B6F3-DD44ED8F434E}.Debug|Any CPU.ActiveCfg = Debug|Any CPU
		{C65A0A2F-8FE5-4A6F-B6F3-DD44ED8F434E}.Debug|Any CPU.Build.0 = Debug|Any CPU
		{C65A0A2F-8FE5-4A6F-B6F3-DD44ED8F434E}.Release|Any CPU.ActiveCfg = Release|Any CPU
		{C65A0A2F-8FE5-4A6F-B6F3-DD44ED8F434E}.Release|Any CPU.Build.0 = Release|Any CPU
	EndGlobalSection
	GlobalSection(SolutionProperties) = preSolution
		HideSolutionNode = FALSE
	EndGlobalSection
	GlobalSection(ExtensibilityGlobals) = postSolution
		SolutionGuid = {3093D61A-AB1F-43E5-8C9F-0A64ABAE8283}
	EndGlobalSection
EndGlobal
